
Microsoft Visual Studio Solution File, Format Version 12.00
# Visual Studio Version 16
VisualStudioVersion = 16.0.31205.134
MinimumVisualStudioVersion = 10.0.40219.1
Project("{FAE04EC0-301F-11D3-BF4B-00C04F79EFBC}") = "EXERCICIO 01 - ESTRUTURA CONDICIONAL", "EXERCICIO 01 - ESTRUTURA CONDICIONAL\EXERCICIO 01 - ESTRUTURA CONDICIONAL.csproj", "{FB09C7B5-F767-48AE-A8D8-7AC602C0C227}"
EndProject
Global
	GlobalSection(SolutionConfigurationPlatforms) = preSolution
		Debug|Any CPU = Debug|Any CPU
		Release|Any CPU = Release|Any CPU
	EndGlobalSection
	GlobalSection(ProjectConfigurationPlatforms) = postSolution
		{FB09C7B5-F767-48AE-A8D8-7AC602C0C227}.Debug|Any CPU.ActiveCfg = Debug|Any CPU
		{FB09C7B5-F767-48AE-A8D8-7AC602C0C227}.Debug|Any CPU.Build.0 = Debug|Any CPU
		{FB09C7B5-F767-48AE-A8D8-7AC602C0C227}.Release|Any CPU.ActiveCfg = Release|Any CPU
		{FB09C7B5-F767-48AE-A8D8-7AC602C0C227}.Release|Any CPU.Build.0 = Release|Any CPU
	EndGlobalSection
	GlobalSection(SolutionProperties) = preSolution
		HideSolutionNode = FALSE
	EndGlobalSection
	GlobalSection(ExtensibilityGlobals) = postSolution
		SolutionGuid = {5741A545-84CC-480F-9C61-20C6161D5D54}
	EndGlobalSection
EndGlobal
